// !$*UTF8*$!
{
	archiveVersion = 1;
	classes = {
	};
	objectVersion = 56;
	objects = {

/* Begin PBXBuildFile section */
		3372BA5E2B830200006AAB03 /* main.m in Sources */ = {isa = PBXBuildFile; fileRef = 3372BA5D2B830200006AAB03 /* main.m */; };
		3372BA662B830216006AAB03 /* Matrix.m in Sources */ = {isa = PBXBuildFile; fileRef = 3372BA652B830216006AAB03 /* Matrix.m */; };
		3372BA692B83023B006AAB03 /* Image.m in Sources */ = {isa = PBXBuildFile; fileRef = 3372BA682B83023B006AAB03 /* Image.m */; };
		3372BA6D2B830359006AAB03 /* WindowsImp.m in Sources */ = {isa = PBXBuildFile; fileRef = 3372BA6C2B830359006AAB03 /* WindowsImp.m */; };
		3372BA702B830394006AAB03 /* MacImp.m in Sources */ = {isa = PBXBuildFile; fileRef = 3372BA6F2B830394006AAB03 /* MacImp.m */; };
		3372BA732B8307B6006AAB03 /* PNGImage.m in Sources */ = {isa = PBXBuildFile; fileRef = 3372BA722B8307B6006AAB03 /* PNGImage.m */; };
		3372BA762B831E09006AAB03 /* BMPImage.m in Sources */ = {isa = PBXBuildFile; fileRef = 3372BA752B831E09006AAB03 /* BMPImage.m */; };
/* End PBXBuildFile section */

/* Begin PBXCopyFilesBuildPhase section */
		3372BA582B830200006AAB03 /* CopyFiles */ = {
			isa = PBXCopyFilesBuildPhase;
			buildActionMask = 2147483647;
			dstPath = /usr/share/man/man1/;
			dstSubfolderSpec = 0;
			files = (
			);
			runOnlyForDeploymentPostprocessing = 1;
		};
/* End PBXCopyFilesBuildPhase section */

/* Begin PBXFileReference section */
		3372BA5A2B830200006AAB03 /* Bridge Pattern */ = {isa = PBXFileReference; explicitFileType = "compiled.mach-o.executable"; includeInIndex = 0; path = "Bridge Pattern"; sourceTree = BUILT_PRODUCTS_DIR; };
		3372BA5D2B830200006AAB03 /* main.m */ = {isa = PBXFileReference; lastKnownFileType = sourcecode.c.objc; path = main.m; sourceTree = "<group>"; };
		3372BA642B830216006AAB03 /* Matrix.h */ = {isa = PBXFileReference; lastKnownFileType = sourcecode.c.h; path = Matrix.h; sourceTree = "<group>"; };
		3372BA652B830216006AAB03 /* Matrix.m */ = {isa = PBXFileReference; lastKnownFileType = sourcecode.c.objc; path = Matrix.m; sourceTree = "<group>"; };
		3372BA672B83023B006AAB03 /* Image.h */ = {isa = PBXFileReference; lastKnownFileType = sourcecode.c.h; path = Image.h; sourceTree = "<group>"; };
		3372BA682B83023B006AAB03 /* Image.m */ = {isa = PBXFileReference; lastKnownFileType = sourcecode.c.objc; path = Image.m; sourceTree = "<group>"; };
		3372BA6A2B830324006AAB03 /* ImageImp.h */ = {isa = PBXFileReference; lastKnownFileType = sourcecode.c.h; path = ImageImp.h; sourceTree = "<group>"; };
		3372BA6B2B830359006AAB03 /* WindowsImp.h */ = {isa = PBXFileReference; lastKnownFileType = sourcecode.c.h; path = WindowsImp.h; sourceTree = "<group>"; };
		3372BA6C2B830359006AAB03 /* WindowsImp.m */ = {isa = PBXFileReference; lastKnownFileType = sourcecode.c.objc; path = WindowsImp.m; sourceTree = "<group>"; };
		3372BA6E2B830394006AAB03 /* MacImp.h */ = {isa = PBXFileReference; lastKnownFileType = sourcecode.c.h; path = MacImp.h; sourceTree = "<group>"; };
		3372BA6F2B830394006AAB03 /* MacImp.m */ = {isa = PBXFileReference; lastKnownFileType = sourcecode.c.objc; path = MacImp.m; sourceTree = "<group>"; };
		3372BA712B8307B6006AAB03 /* PNGImage.h */ = {isa = PBXFileReference; lastKnownFileType = sourcecode.c.h; path = PNGImage.h; sourceTree = "<group>"; };
		3372BA722B8307B6006AAB03 /* PNGImage.m */ = {isa = PBXFileReference; lastKnownFileType = sourcecode.c.objc; path = PNGImage.m; sourceTree = "<group>"; };
		3372BA742B831E09006AAB03 /* BMPImage.h */ = {isa = PBXFileReference; lastKnownFileType = sourcecode.c.h; path = BMPImage.h; sourceTree = "<group>"; };
		3372BA752B831E09006AAB03 /* BMPImage.m */ = {isa = PBXFileReference; lastKnownFileType = sourcecode.c.objc; path = BMPImage.m; sourceTree = "<group>"; };
/* End PBXFileReference section */

/* Begin PBXFrameworksBuildPhase section */
		3372BA572B830200006AAB03 /* Frameworks */ = {
			isa = PBXFrameworksBuildPhase;
			buildActionMask = 2147483647;
			files = (
			);
			runOnlyForDeploymentPostprocessing = 0;
		};
/* End PBXFrameworksBuildPhase section */

/* Begin PBXGroup section */
		3372BA512B830200006AAB03 = {
			isa = PBXGroup;
			children = (
				3372BA5C2B830200006AAB03 /* Bridge Pattern */,
				3372BA5B2B830200006AAB03 /* Products */,
			);
			sourceTree = "<group>";
		};
		3372BA5B2B830200006AAB03 /* Products */ = {
			isa = PBXGroup;
			children = (
				3372BA5A2B830200006AAB03 /* Bridge Pattern */,
			);
			name = Products;
			sourceTree = "<group>";
		};
		3372BA5C2B830200006AAB03 /* Bridge Pattern */ = {
			isa = PBXGroup;
			children = (
				3372BA5D2B830200006AAB03 /* main.m */,
				3372BA642B830216006AAB03 /* Matrix.h */,
				3372BA652B830216006AAB03 /* Matrix.m */,
				3372BA6A2B830324006AAB03 /* ImageImp.h */,
				3372BA672B83023B006AAB03 /* Image.h */,
				3372BA682B83023B006AAB03 /* Image.m */,
				3372BA6B2B830359006AAB03 /* WindowsImp.h */,
				3372BA6C2B830359006AAB03 /* WindowsImp.m */,
				3372BA6E2B830394006AAB03 /* MacImp.h */,
				3372BA6F2B830394006AAB03 /* MacImp.m */,
				3372BA712B8307B6006AAB03 /* PNGImage.h */,
				3372BA722B8307B6006AAB03 /* PNGImage.m */,
				3372BA742B831E09006AAB03 /* BMPImage.h */,
				3372BA752B831E09006AAB03 /* BMPImage.m */,
			);
			path = "Bridge Pattern";
			sourceTree = "<group>";
		};
/* End PBXGroup section */

/* Begin PBXNativeTarget section */
		3372BA592B830200006AAB03 /* Bridge Pattern */ = {
			isa = PBXNativeTarget;
			buildConfigurationList = 3372BA612B830200006AAB03 /* Build configuration list for PBXNativeTarget "Bridge Pattern" */;
			buildPhases = (
				3372BA562B830200006AAB03 /* Sources */,
				3372BA572B830200006AAB03 /* Frameworks */,
				3372BA582B830200006AAB03 /* CopyFiles */,
			);
			buildRules = (
			);
			dependencies = (
			);
			name = "Bridge Pattern";
			productName = "Bridge Pattern";
			productReference = 3372BA5A2B830200006AAB03 /* Bridge Pattern */;
			productType = "com.apple.product-type.tool";
		};
/* End PBXNativeTarget section */

/* Begin PBXProject section */
		3372BA522B830200006AAB03 /* Project object */ = {
			isa = PBXProject;
			attributes = {
				BuildIndependentTargetsInParallel = 1;
				LastUpgradeCheck = 1520;
				TargetAttributes = {
					3372BA592B830200006AAB03 = {
						CreatedOnToolsVersion = 15.2;
					};
				};
			};
			buildConfigurationList = 3372BA552B830200006AAB03 /* Build configuration list for PBXProject "Bridge Pattern" */;
			compatibilityVersion = "Xcode 14.0";
			developmentRegion = en;
			hasScannedForEncodings = 0;
			knownRegions = (
				en,
				Base,
			);
			mainGroup = 3372BA512B830200006AAB03;
			productRefGroup = 3372BA5B2B830200006AAB03 /* Products */;
			projectDirPath = "";
			projectRoot = "";
			targets = (
				3372BA592B830200006AAB03 /* Bridge Pattern */,
			);
		};
/* End PBXProject section */

/* Begin PBXSourcesBuildPhase section */
		3372BA562B830200006AAB03 /* Sources */ = {
			isa = PBXSourcesBuildPhase;
			buildActionMask = 2147483647;
			files = (
				3372BA6D2B830359006AAB03 /* WindowsImp.m in Sources */,
				3372BA692B83023B006AAB03 /* Image.m in Sources */,
				3372BA662B830216006AAB03 /* Matrix.m in Sources */,
				3372BA5E2B830200006AAB03 /* main.m in Sources */,
				3372BA762B831E09006AAB03 /* BMPImage.m in Sources */,
				3372BA702B830394006AAB03 /* MacImp.m in Sources */,
				3372BA732B8307B6006AAB03 /* PNGImage.m in Sources */,
			);
			runOnlyForDeploymentPostprocessing = 0;
		};
/* End PBXSourcesBuildPhase section */

/* Begin XCBuildConfiguration section */
		3372BA5F2B830200006AAB03 /* Debug */ = {
			isa = XCBuildConfiguration;
			buildSettings = {
				ALWAYS_SEARCH_USER_PATHS = NO;
				ASSETCATALOG_COMPILER_GENERATE_SWIFT_ASSET_SYMBOL_EXTENSIONS = YES;
				CLANG_ANALYZER_NONNULL = YES;
				CLANG_ANALYZER_NUMBER_OBJECT_CONVERSION = YES_AGGRESSIVE;
				CLANG_CXX_LANGUAGE_STANDARD = "gnu++20";
				CLANG_ENABLE_MODULES = YES;
				CLANG_ENABLE_OBJC_ARC = YES;
				CLANG_ENABLE_OBJC_WEAK = YES;
				CLANG_WARN_BLOCK_CAPTURE_AUTORELEASING = YES;
				CLANG_WARN_BOOL_CONVERSION = YES;
				CLANG_WARN_COMMA = YES;
				CLANG_WARN_CONSTANT_CONVERSION = YES;
				CLANG_WARN_DEPRECATED_OBJC_IMPLEMENTATIONS = YES;
				CLANG_WARN_DIRECT_OBJC_ISA_USAGE = YES_ERROR;
				CLANG_WARN_DOCUMENTATION_COMMENTS = YES;
				CLANG_WARN_EMPTY_BODY = YES;
				CLANG_WARN_ENUM_CONVERSION = YES;
				CLANG_WARN_INFINITE_RECURSION = YES;
				CLANG_WARN_INT_CONVERSION = YES;
				CLANG_WARN_NON_LITERAL_NULL_CONVERSION = YES;
				CLANG_WARN_OBJC_IMPLICIT_RETAIN_SELF = YES;
				CLANG_WARN_OBJC_LITERAL_CONVERSION = YES;
				CLANG_WARN_OBJC_ROOT_CLASS = YES_ERROR;
				CLANG_WARN_QUOTED_INCLUDE_IN_FRAMEWORK_HEADER = YES;
				CLANG_WARN_RANGE_LOOP_ANALYSIS = YES;
				CLANG_WARN_STRICT_PROTOTYPES = YES;
				CLANG_WARN_SUSPICIOUS_MOVE = YES;
				CLANG_WARN_UNGUARDED_AVAILABILITY = YES_AGGRESSIVE;
				CLANG_WARN_UNREACHABLE_CODE = YES;
				CLANG_WARN__DUPLICATE_METHOD_MATCH = YES;
				COPY_PHASE_STRIP = NO;
				DEBUG_INFORMATION_FORMAT = dwarf;
				ENABLE_STRICT_OBJC_MSGSEND = YES;
				ENABLE_TESTABILITY = YES;
				ENABLE_USER_SCRIPT_SANDBOXING = YES;
				GCC_C_LANGUAGE_STANDARD = gnu17;
				GCC_DYNAMIC_NO_PIC = NO;
				GCC_NO_COMMON_BLOCKS = YES;
				GCC_OPTIMIZATION_LEVEL = 0;
				GCC_PREPROCESSOR_DEFINITIONS = (
					"DEBUG=1",
					"$(inherited)",
				);
				GCC_WARN_64_TO_32_BIT_CONVERSION = YES;
				GCC_WARN_ABOUT_RETURN_TYPE = YES_ERROR;
				GCC_WARN_UNDECLARED_SELECTOR = YES;
				GCC_WARN_UNINITIALIZED_AUTOS = YES_AGGRESSIVE;
				GCC_WARN_UNUSED_FUNCTION = YES;
				GCC_WARN_UNUSED_VARIABLE = YES;
				LOCALIZATION_PREFERS_STRING_CATALOGS = YES;
				MACOSX_DEPLOYMENT_TARGET = 14.2;
				MTL_ENABLE_DEBUG_INFO = INCLUDE_SOURCE;
				MTL_FAST_MATH = YES;
				ONLY_ACTIVE_ARCH = YES;
				SDKROOT = macosx;
			};
			name = Debug;
		};
		3372BA602B830200006AAB03 /* Release */ = {
			isa = XCBuildConfiguration;
			buildSettings = {
				ALWAYS_SEARCH_USER_PATHS = NO;
				ASSETCATALOG_COMPILER_GENERATE_SWIFT_ASSET_SYMBOL_EXTENSIONS = YES;
				CLANG_ANALYZER_NONNULL = YES;
				CLANG_ANALYZER_NUMBER_OBJECT_CONVERSION = YES_AGGRESSIVE;
				CLANG_CXX_LANGUAGE_STANDARD = "gnu++20";
				CLANG_ENABLE_MODULES = YES;
				CLANG_ENABLE_OBJC_ARC = YES;
				CLANG_ENABLE_OBJC_WEAK = YES;
				CLANG_WARN_BLOCK_CAPTURE_AUTORELEASING = YES;
				CLANG_WARN_BOOL_CONVERSION = YES;
				CLANG_WARN_COMMA = YES;
				CLANG_WARN_CONSTANT_CONVERSION = YES;
				CLANG_WARN_DEPRECATED_OBJC_IMPLEMENTATIONS = YES;
				CLANG_WARN_DIRECT_OBJC_ISA_USAGE = YES_ERROR;
				CLANG_WARN_DOCUMENTATION_COMMENTS = YES;
				CLANG_WARN_EMPTY_BODY = YES;
				CLANG_WARN_ENUM_CONVERSION = YES;
				CLANG_WARN_INFINITE_RECURSION = YES;
				CLANG_WARN_INT_CONVERSION = YES;
				CLANG_WARN_NON_LITERAL_NULL_CONVERSION = YES;
				CLANG_WARN_OBJC_IMPLICIT_RETAIN_SELF = YES;
				CLANG_WARN_OBJC_LITERAL_CONVERSION = YES;
				CLANG_WARN_OBJC_ROOT_CLASS = YES_ERROR;
				CLANG_WARN_QUOTED_INCLUDE_IN_FRAMEWORK_HEADER = YES;
				CLANG_WARN_RANGE_LOOP_ANALYSIS = YES;
				CLANG_WARN_STRICT_PROTOTYPES = YES;
				CLANG_WARN_SUSPICIOUS_MOVE = YES;
				CLANG_WARN_UNGUARDED_AVAILABILITY = YES_AGGRESSIVE;
				CLANG_WARN_UNREACHABLE_CODE = YES;
				CLANG_WARN__DUPLICATE_METHOD_MATCH = YES;
				COPY_PHASE_STRIP = NO;
				DEBUG_INFORMATION_FORMAT = "dwarf-with-dsym";
				ENABLE_NS_ASSERTIONS = NO;
				ENABLE_STRICT_OBJC_MSGSEND = YES;
				ENABLE_USER_SCRIPT_SANDBOXING = YES;
				GCC_C_LANGUAGE_STANDARD = gnu17;
				GCC_NO_COMMON_BLOCKS = YES;
				GCC_WARN_64_TO_32_BIT_CONVERSION = YES;
				GCC_WARN_ABOUT_RETURN_TYPE = YES_ERROR;
				GCC_WARN_UNDECLARED_SELECTOR = YES;
				GCC_WARN_UNINITIALIZED_AUTOS = YES_AGGRESSIVE;
				GCC_WARN_UNUSED_FUNCTION = YES;
				GCC_WARN_UNUSED_VARIABLE = YES;
				LOCALIZATION_PREFERS_STRING_CATALOGS = YES;
				MACOSX_DEPLOYMENT_TARGET = 14.2;
				MTL_ENABLE_DEBUG_INFO = NO;
				MTL_FAST_MATH = YES;
				SDKROOT = macosx;
			};
			name = Release;
		};
		3372BA622B830200006AAB03 /* Debug */ = {
			isa = XCBuildConfiguration;
			buildSettings = {
				CODE_SIGN_STYLE = Automatic;
				DEVELOPMENT_TEAM = 2LM2HK4U8X;
				ENABLE_HARDENED_RUNTIME = YES;
				PRODUCT_NAME = "$(TARGET_NAME)";
			};
			name = Debug;
		};
		3372BA632B830200006AAB03 /* Release */ = {
			isa = XCBuildConfiguration;
			buildSettings = {
				CODE_SIGN_STYLE = Automatic;
				DEVELOPMENT_TEAM = 2LM2HK4U8X;
				ENABLE_HARDENED_RUNTIME = YES;
				PRODUCT_NAME = "$(TARGET_NAME)";
			};
			name = Release;
		};
/* End XCBuildConfiguration section */

/* Begin XCConfigurationList section */
		3372BA552B830200006AAB03 /* Build configuration list for PBXProject "Bridge Pattern" */ = {
			isa = XCConfigurationList;
			buildConfigurations = (
				3372BA5F2B830200006AAB03 /* Debug */,
				3372BA602B830200006AAB03 /* Release */,
			);
			defaultConfigurationIsVisible = 0;
			defaultConfigurationName = Release;
		};
		3372BA612B830200006AAB03 /* Build configuration list for PBXNativeTarget "Bridge Pattern" */ = {
			isa = XCConfigurationList;
			buildConfigurations = (
				3372BA622B830200006AAB03 /* Debug */,
				3372BA632B830200006AAB03 /* Release */,
			);
			defaultConfigurationIsVisible = 0;
			defaultConfigurationName = Release;
		};
/* End XCConfigurationList section */
	};
	rootObject = 3372BA522B830200006AAB03 /* Project object */;
}
