// !$*UTF8*$!
{
	archiveVersion = 1;
	classes = {
	};
	objectVersion = 56;
	objects = {

/* Begin PBXBuildFile section */
		3372BB002B845EE0006AAB03 /* main.m in Sources */ = {isa = PBXBuildFile; fileRef = 3372BAFF2B845EE0006AAB03 /* main.m */; };
		3372BB082B845FD1006AAB03 /* ViewController.m in Sources */ = {isa = PBXBuildFile; fileRef = 3372BB072B845FD1006AAB03 /* ViewController.m */; };
		3372BB0B2B84601C006AAB03 /* ActionMaster.m in Sources */ = {isa = PBXBuildFile; fileRef = 3372BB0A2B84601C006AAB03 /* ActionMaster.m */; };
		3372BB0E2B84931A006AAB03 /* AccessValidator.m in Sources */ = {isa = PBXBuildFile; fileRef = 3372BB0D2B84931A006AAB03 /* AccessValidator.m */; };
		3372BB112B8493B1006AAB03 /* Logger.m in Sources */ = {isa = PBXBuildFile; fileRef = 3372BB102B8493B1006AAB03 /* Logger.m */; };
		3372BB152B849473006AAB03 /* RealSearcher.m in Sources */ = {isa = PBXBuildFile; fileRef = 3372BB142B849473006AAB03 /* RealSearcher.m */; };
		3372BB182B8494C5006AAB03 /* ProxySearcher.m in Sources */ = {isa = PBXBuildFile; fileRef = 3372BB172B8494C5006AAB03 /* ProxySearcher.m */; };
/* End PBXBuildFile section */

/* Begin PBXCopyFilesBuildPhase section */
		3372BAFA2B845EE0006AAB03 /* CopyFiles */ = {
			isa = PBXCopyFilesBuildPhase;
			buildActionMask = 2147483647;
			dstPath = /usr/share/man/man1/;
			dstSubfolderSpec = 0;
			files = (
			);
			runOnlyForDeploymentPostprocessing = 1;
		};
/* End PBXCopyFilesBuildPhase section */

/* Begin PBXFileReference section */
		3372BAFC2B845EE0006AAB03 /* Proxy Pattern */ = {isa = PBXFileReference; explicitFileType = "compiled.mach-o.executable"; includeInIndex = 0; path = "Proxy Pattern"; sourceTree = BUILT_PRODUCTS_DIR; };
		3372BAFF2B845EE0006AAB03 /* main.m */ = {isa = PBXFileReference; lastKnownFileType = sourcecode.c.objc; path = main.m; sourceTree = "<group>"; };
		3372BB062B845FD1006AAB03 /* ViewController.h */ = {isa = PBXFileReference; lastKnownFileType = sourcecode.c.h; path = ViewController.h; sourceTree = "<group>"; };
		3372BB072B845FD1006AAB03 /* ViewController.m */ = {isa = PBXFileReference; lastKnownFileType = sourcecode.c.objc; path = ViewController.m; sourceTree = "<group>"; };
		3372BB092B84601C006AAB03 /* ActionMaster.h */ = {isa = PBXFileReference; lastKnownFileType = sourcecode.c.h; path = ActionMaster.h; sourceTree = "<group>"; };
		3372BB0A2B84601C006AAB03 /* ActionMaster.m */ = {isa = PBXFileReference; lastKnownFileType = sourcecode.c.objc; path = ActionMaster.m; sourceTree = "<group>"; };
		3372BB0C2B84931A006AAB03 /* AccessValidator.h */ = {isa = PBXFileReference; lastKnownFileType = sourcecode.c.h; path = AccessValidator.h; sourceTree = "<group>"; };
		3372BB0D2B84931A006AAB03 /* AccessValidator.m */ = {isa = PBXFileReference; lastKnownFileType = sourcecode.c.objc; path = AccessValidator.m; sourceTree = "<group>"; };
		3372BB0F2B8493B1006AAB03 /* Logger.h */ = {isa = PBXFileReference; lastKnownFileType = sourcecode.c.h; path = Logger.h; sourceTree = "<group>"; };
		3372BB102B8493B1006AAB03 /* Logger.m */ = {isa = PBXFileReference; lastKnownFileType = sourcecode.c.objc; path = Logger.m; sourceTree = "<group>"; };
		3372BB122B8493FE006AAB03 /* Searcher.h */ = {isa = PBXFileReference; lastKnownFileType = sourcecode.c.h; path = Searcher.h; sourceTree = "<group>"; };
		3372BB132B849473006AAB03 /* RealSearcher.h */ = {isa = PBXFileReference; lastKnownFileType = sourcecode.c.h; path = RealSearcher.h; sourceTree = "<group>"; };
		3372BB142B849473006AAB03 /* RealSearcher.m */ = {isa = PBXFileReference; lastKnownFileType = sourcecode.c.objc; path = RealSearcher.m; sourceTree = "<group>"; };
		3372BB162B8494C5006AAB03 /* ProxySearcher.h */ = {isa = PBXFileReference; lastKnownFileType = sourcecode.c.h; path = ProxySearcher.h; sourceTree = "<group>"; };
		3372BB172B8494C5006AAB03 /* ProxySearcher.m */ = {isa = PBXFileReference; lastKnownFileType = sourcecode.c.objc; path = ProxySearcher.m; sourceTree = "<group>"; };
/* End PBXFileReference section */

/* Begin PBXFrameworksBuildPhase section */
		3372BAF92B845EE0006AAB03 /* Frameworks */ = {
			isa = PBXFrameworksBuildPhase;
			buildActionMask = 2147483647;
			files = (
			);
			runOnlyForDeploymentPostprocessing = 0;
		};
/* End PBXFrameworksBuildPhase section */

/* Begin PBXGroup section */
		3372BAF32B845EE0006AAB03 = {
			isa = PBXGroup;
			children = (
				3372BAFE2B845EE0006AAB03 /* Proxy Pattern */,
				3372BAFD2B845EE0006AAB03 /* Products */,
			);
			sourceTree = "<group>";
		};
		3372BAFD2B845EE0006AAB03 /* Products */ = {
			isa = PBXGroup;
			children = (
				3372BAFC2B845EE0006AAB03 /* Proxy Pattern */,
			);
			name = Products;
			sourceTree = "<group>";
		};
		3372BAFE2B845EE0006AAB03 /* Proxy Pattern */ = {
			isa = PBXGroup;
			children = (
				3372BAFF2B845EE0006AAB03 /* main.m */,
				3372BB092B84601C006AAB03 /* ActionMaster.h */,
				3372BB0A2B84601C006AAB03 /* ActionMaster.m */,
				3372BB062B845FD1006AAB03 /* ViewController.h */,
				3372BB072B845FD1006AAB03 /* ViewController.m */,
				3372BB0C2B84931A006AAB03 /* AccessValidator.h */,
				3372BB0D2B84931A006AAB03 /* AccessValidator.m */,
				3372BB0F2B8493B1006AAB03 /* Logger.h */,
				3372BB102B8493B1006AAB03 /* Logger.m */,
				3372BB122B8493FE006AAB03 /* Searcher.h */,
				3372BB132B849473006AAB03 /* RealSearcher.h */,
				3372BB142B849473006AAB03 /* RealSearcher.m */,
				3372BB162B8494C5006AAB03 /* ProxySearcher.h */,
				3372BB172B8494C5006AAB03 /* ProxySearcher.m */,
			);
			path = "Proxy Pattern";
			sourceTree = "<group>";
		};
/* End PBXGroup section */

/* Begin PBXNativeTarget section */
		3372BAFB2B845EE0006AAB03 /* Proxy Pattern */ = {
			isa = PBXNativeTarget;
			buildConfigurationList = 3372BB032B845EE0006AAB03 /* Build configuration list for PBXNativeTarget "Proxy Pattern" */;
			buildPhases = (
				3372BAF82B845EE0006AAB03 /* Sources */,
				3372BAF92B845EE0006AAB03 /* Frameworks */,
				3372BAFA2B845EE0006AAB03 /* CopyFiles */,
			);
			buildRules = (
			);
			dependencies = (
			);
			name = "Proxy Pattern";
			productName = "Proxy Pattern";
			productReference = 3372BAFC2B845EE0006AAB03 /* Proxy Pattern */;
			productType = "com.apple.product-type.tool";
		};
/* End PBXNativeTarget section */

/* Begin PBXProject section */
		3372BAF42B845EE0006AAB03 /* Project object */ = {
			isa = PBXProject;
			attributes = {
				BuildIndependentTargetsInParallel = 1;
				LastUpgradeCheck = 1520;
				TargetAttributes = {
					3372BAFB2B845EE0006AAB03 = {
						CreatedOnToolsVersion = 15.2;
					};
				};
			};
			buildConfigurationList = 3372BAF72B845EE0006AAB03 /* Build configuration list for PBXProject "Proxy Pattern" */;
			compatibilityVersion = "Xcode 14.0";
			developmentRegion = en;
			hasScannedForEncodings = 0;
			knownRegions = (
				en,
				Base,
			);
			mainGroup = 3372BAF32B845EE0006AAB03;
			productRefGroup = 3372BAFD2B845EE0006AAB03 /* Products */;
			projectDirPath = "";
			projectRoot = "";
			targets = (
				3372BAFB2B845EE0006AAB03 /* Proxy Pattern */,
			);
		};
/* End PBXProject section */

/* Begin PBXSourcesBuildPhase section */
		3372BAF82B845EE0006AAB03 /* Sources */ = {
			isa = PBXSourcesBuildPhase;
			buildActionMask = 2147483647;
			files = (
				3372BB152B849473006AAB03 /* RealSearcher.m in Sources */,
				3372BB0E2B84931A006AAB03 /* AccessValidator.m in Sources */,
				3372BB082B845FD1006AAB03 /* ViewController.m in Sources */,
				3372BB182B8494C5006AAB03 /* ProxySearcher.m in Sources */,
				3372BB002B845EE0006AAB03 /* main.m in Sources */,
				3372BB0B2B84601C006AAB03 /* ActionMaster.m in Sources */,
				3372BB112B8493B1006AAB03 /* Logger.m in Sources */,
			);
			runOnlyForDeploymentPostprocessing = 0;
		};
/* End PBXSourcesBuildPhase section */

/* Begin XCBuildConfiguration section */
		3372BB012B845EE0006AAB03 /* Debug */ = {
			isa = XCBuildConfiguration;
			buildSettings = {
				ALWAYS_SEARCH_USER_PATHS = NO;
				ASSETCATALOG_COMPILER_GENERATE_SWIFT_ASSET_SYMBOL_EXTENSIONS = YES;
				CLANG_ANALYZER_NONNULL = YES;
				CLANG_ANALYZER_NUMBER_OBJECT_CONVERSION = YES_AGGRESSIVE;
				CLANG_CXX_LANGUAGE_STANDARD = "gnu++20";
				CLANG_ENABLE_MODULES = YES;
				CLANG_ENABLE_OBJC_ARC = YES;
				CLANG_ENABLE_OBJC_WEAK = YES;
				CLANG_WARN_BLOCK_CAPTURE_AUTORELEASING = YES;
				CLANG_WARN_BOOL_CONVERSION = YES;
				CLANG_WARN_COMMA = YES;
				CLANG_WARN_CONSTANT_CONVERSION = YES;
				CLANG_WARN_DEPRECATED_OBJC_IMPLEMENTATIONS = YES;
				CLANG_WARN_DIRECT_OBJC_ISA_USAGE = YES_ERROR;
				CLANG_WARN_DOCUMENTATION_COMMENTS = YES;
				CLANG_WARN_EMPTY_BODY = YES;
				CLANG_WARN_ENUM_CONVERSION = YES;
				CLANG_WARN_INFINITE_RECURSION = YES;
				CLANG_WARN_INT_CONVERSION = YES;
				CLANG_WARN_NON_LITERAL_NULL_CONVERSION = YES;
				CLANG_WARN_OBJC_IMPLICIT_RETAIN_SELF = YES;
				CLANG_WARN_OBJC_LITERAL_CONVERSION = YES;
				CLANG_WARN_OBJC_ROOT_CLASS = YES_ERROR;
				CLANG_WARN_QUOTED_INCLUDE_IN_FRAMEWORK_HEADER = YES;
				CLANG_WARN_RANGE_LOOP_ANALYSIS = YES;
				CLANG_WARN_STRICT_PROTOTYPES = YES;
				CLANG_WARN_SUSPICIOUS_MOVE = YES;
				CLANG_WARN_UNGUARDED_AVAILABILITY = YES_AGGRESSIVE;
				CLANG_WARN_UNREACHABLE_CODE = YES;
				CLANG_WARN__DUPLICATE_METHOD_MATCH = YES;
				COPY_PHASE_STRIP = NO;
				DEBUG_INFORMATION_FORMAT = dwarf;
				ENABLE_STRICT_OBJC_MSGSEND = YES;
				ENABLE_TESTABILITY = YES;
				ENABLE_USER_SCRIPT_SANDBOXING = YES;
				GCC_C_LANGUAGE_STANDARD = gnu17;
				GCC_DYNAMIC_NO_PIC = NO;
				GCC_NO_COMMON_BLOCKS = YES;
				GCC_OPTIMIZATION_LEVEL = 0;
				GCC_PREPROCESSOR_DEFINITIONS = (
					"DEBUG=1",
					"$(inherited)",
				);
				GCC_WARN_64_TO_32_BIT_CONVERSION = YES;
				GCC_WARN_ABOUT_RETURN_TYPE = YES_ERROR;
				GCC_WARN_UNDECLARED_SELECTOR = YES;
				GCC_WARN_UNINITIALIZED_AUTOS = YES_AGGRESSIVE;
				GCC_WARN_UNUSED_FUNCTION = YES;
				GCC_WARN_UNUSED_VARIABLE = YES;
				LOCALIZATION_PREFERS_STRING_CATALOGS = YES;
				MACOSX_DEPLOYMENT_TARGET = 14.2;
				MTL_ENABLE_DEBUG_INFO = INCLUDE_SOURCE;
				MTL_FAST_MATH = YES;
				ONLY_ACTIVE_ARCH = YES;
				SDKROOT = macosx;
			};
			name = Debug;
		};
		3372BB022B845EE0006AAB03 /* Release */ = {
			isa = XCBuildConfiguration;
			buildSettings = {
				ALWAYS_SEARCH_USER_PATHS = NO;
				ASSETCATALOG_COMPILER_GENERATE_SWIFT_ASSET_SYMBOL_EXTENSIONS = YES;
				CLANG_ANALYZER_NONNULL = YES;
				CLANG_ANALYZER_NUMBER_OBJECT_CONVERSION = YES_AGGRESSIVE;
				CLANG_CXX_LANGUAGE_STANDARD = "gnu++20";
				CLANG_ENABLE_MODULES = YES;
				CLANG_ENABLE_OBJC_ARC = YES;
				CLANG_ENABLE_OBJC_WEAK = YES;
				CLANG_WARN_BLOCK_CAPTURE_AUTORELEASING = YES;
				CLANG_WARN_BOOL_CONVERSION = YES;
				CLANG_WARN_COMMA = YES;
				CLANG_WARN_CONSTANT_CONVERSION = YES;
				CLANG_WARN_DEPRECATED_OBJC_IMPLEMENTATIONS = YES;
				CLANG_WARN_DIRECT_OBJC_ISA_USAGE = YES_ERROR;
				CLANG_WARN_DOCUMENTATION_COMMENTS = YES;
				CLANG_WARN_EMPTY_BODY = YES;
				CLANG_WARN_ENUM_CONVERSION = YES;
				CLANG_WARN_INFINITE_RECURSION = YES;
				CLANG_WARN_INT_CONVERSION = YES;
				CLANG_WARN_NON_LITERAL_NULL_CONVERSION = YES;
				CLANG_WARN_OBJC_IMPLICIT_RETAIN_SELF = YES;
				CLANG_WARN_OBJC_LITERAL_CONVERSION = YES;
				CLANG_WARN_OBJC_ROOT_CLASS = YES_ERROR;
				CLANG_WARN_QUOTED_INCLUDE_IN_FRAMEWORK_HEADER = YES;
				CLANG_WARN_RANGE_LOOP_ANALYSIS = YES;
				CLANG_WARN_STRICT_PROTOTYPES = YES;
				CLANG_WARN_SUSPICIOUS_MOVE = YES;
				CLANG_WARN_UNGUARDED_AVAILABILITY = YES_AGGRESSIVE;
				CLANG_WARN_UNREACHABLE_CODE = YES;
				CLANG_WARN__DUPLICATE_METHOD_MATCH = YES;
				COPY_PHASE_STRIP = NO;
				DEBUG_INFORMATION_FORMAT = "dwarf-with-dsym";
				ENABLE_NS_ASSERTIONS = NO;
				ENABLE_STRICT_OBJC_MSGSEND = YES;
				ENABLE_USER_SCRIPT_SANDBOXING = YES;
				GCC_C_LANGUAGE_STANDARD = gnu17;
				GCC_NO_COMMON_BLOCKS = YES;
				GCC_WARN_64_TO_32_BIT_CONVERSION = YES;
				GCC_WARN_ABOUT_RETURN_TYPE = YES_ERROR;
				GCC_WARN_UNDECLARED_SELECTOR = YES;
				GCC_WARN_UNINITIALIZED_AUTOS = YES_AGGRESSIVE;
				GCC_WARN_UNUSED_FUNCTION = YES;
				GCC_WARN_UNUSED_VARIABLE = YES;
				LOCALIZATION_PREFERS_STRING_CATALOGS = YES;
				MACOSX_DEPLOYMENT_TARGET = 14.2;
				MTL_ENABLE_DEBUG_INFO = NO;
				MTL_FAST_MATH = YES;
				SDKROOT = macosx;
			};
			name = Release;
		};
		3372BB042B845EE0006AAB03 /* Debug */ = {
			isa = XCBuildConfiguration;
			buildSettings = {
				CODE_SIGN_STYLE = Automatic;
				DEVELOPMENT_TEAM = 2LM2HK4U8X;
				ENABLE_HARDENED_RUNTIME = YES;
				PRODUCT_NAME = "$(TARGET_NAME)";
			};
			name = Debug;
		};
		3372BB052B845EE0006AAB03 /* Release */ = {
			isa = XCBuildConfiguration;
			buildSettings = {
				CODE_SIGN_STYLE = Automatic;
				DEVELOPMENT_TEAM = 2LM2HK4U8X;
				ENABLE_HARDENED_RUNTIME = YES;
				PRODUCT_NAME = "$(TARGET_NAME)";
			};
			name = Release;
		};
/* End XCBuildConfiguration section */

/* Begin XCConfigurationList section */
		3372BAF72B845EE0006AAB03 /* Build configuration list for PBXProject "Proxy Pattern" */ = {
			isa = XCConfigurationList;
			buildConfigurations = (
				3372BB012B845EE0006AAB03 /* Debug */,
				3372BB022B845EE0006AAB03 /* Release */,
			);
			defaultConfigurationIsVisible = 0;
			defaultConfigurationName = Release;
		};
		3372BB032B845EE0006AAB03 /* Build configuration list for PBXNativeTarget "Proxy Pattern" */ = {
			isa = XCConfigurationList;
			buildConfigurations = (
				3372BB042B845EE0006AAB03 /* Debug */,
				3372BB052B845EE0006AAB03 /* Release */,
			);
			defaultConfigurationIsVisible = 0;
			defaultConfigurationName = Release;
		};
/* End XCConfigurationList section */
	};
	rootObject = 3372BAF42B845EE0006AAB03 /* Project object */;
}
