// !$*UTF8*$!
{
	archiveVersion = 1;
	classes = {
	};
	objectVersion = 56;
	objects = {

/* Begin PBXBuildFile section */
		3372BC662B864367006AAB03 /* main.m in Sources */ = {isa = PBXBuildFile; fileRef = 3372BC652B864367006AAB03 /* main.m */; };
		3372BC6E2B86444C006AAB03 /* Employee.m in Sources */ = {isa = PBXBuildFile; fileRef = 3372BC6D2B86444C006AAB03 /* Employee.m */; };
		3372BC712B86447D006AAB03 /* Department.m in Sources */ = {isa = PBXBuildFile; fileRef = 3372BC702B86447D006AAB03 /* Department.m */; };
		3372BC742B8644B7006AAB03 /* FulltimeEmployee.m in Sources */ = {isa = PBXBuildFile; fileRef = 3372BC732B8644B7006AAB03 /* FulltimeEmployee.m */; };
		3372BC772B86457A006AAB03 /* ParttimeEmployee.m in Sources */ = {isa = PBXBuildFile; fileRef = 3372BC762B86457A006AAB03 /* ParttimeEmployee.m */; };
		3372BC7A2B8645B9006AAB03 /* FADepartment.m in Sources */ = {isa = PBXBuildFile; fileRef = 3372BC792B8645B9006AAB03 /* FADepartment.m */; };
		3372BC7D2B86483D006AAB03 /* HRDepartment.m in Sources */ = {isa = PBXBuildFile; fileRef = 3372BC7C2B86483D006AAB03 /* HRDepartment.m */; };
		3372BC802B864924006AAB03 /* EmployeeList.m in Sources */ = {isa = PBXBuildFile; fileRef = 3372BC7F2B864924006AAB03 /* EmployeeList.m */; };
/* End PBXBuildFile section */

/* Begin PBXCopyFilesBuildPhase section */
		3372BC602B864367006AAB03 /* CopyFiles */ = {
			isa = PBXCopyFilesBuildPhase;
			buildActionMask = 2147483647;
			dstPath = /usr/share/man/man1/;
			dstSubfolderSpec = 0;
			files = (
			);
			runOnlyForDeploymentPostprocessing = 1;
		};
/* End PBXCopyFilesBuildPhase section */

/* Begin PBXFileReference section */
		3372BC622B864367006AAB03 /* Visitor Pattern */ = {isa = PBXFileReference; explicitFileType = "compiled.mach-o.executable"; includeInIndex = 0; path = "Visitor Pattern"; sourceTree = BUILT_PRODUCTS_DIR; };
		3372BC652B864367006AAB03 /* main.m */ = {isa = PBXFileReference; lastKnownFileType = sourcecode.c.objc; path = main.m; sourceTree = "<group>"; };
		3372BC6C2B86444C006AAB03 /* Employee.h */ = {isa = PBXFileReference; lastKnownFileType = sourcecode.c.h; path = Employee.h; sourceTree = "<group>"; };
		3372BC6D2B86444C006AAB03 /* Employee.m */ = {isa = PBXFileReference; lastKnownFileType = sourcecode.c.objc; path = Employee.m; sourceTree = "<group>"; };
		3372BC6F2B86447D006AAB03 /* Department.h */ = {isa = PBXFileReference; lastKnownFileType = sourcecode.c.h; path = Department.h; sourceTree = "<group>"; };
		3372BC702B86447D006AAB03 /* Department.m */ = {isa = PBXFileReference; lastKnownFileType = sourcecode.c.objc; path = Department.m; sourceTree = "<group>"; };
		3372BC722B8644B7006AAB03 /* FulltimeEmployee.h */ = {isa = PBXFileReference; lastKnownFileType = sourcecode.c.h; path = FulltimeEmployee.h; sourceTree = "<group>"; };
		3372BC732B8644B7006AAB03 /* FulltimeEmployee.m */ = {isa = PBXFileReference; lastKnownFileType = sourcecode.c.objc; path = FulltimeEmployee.m; sourceTree = "<group>"; };
		3372BC752B86457A006AAB03 /* ParttimeEmployee.h */ = {isa = PBXFileReference; lastKnownFileType = sourcecode.c.h; path = ParttimeEmployee.h; sourceTree = "<group>"; };
		3372BC762B86457A006AAB03 /* ParttimeEmployee.m */ = {isa = PBXFileReference; lastKnownFileType = sourcecode.c.objc; path = ParttimeEmployee.m; sourceTree = "<group>"; };
		3372BC782B8645B9006AAB03 /* FADepartment.h */ = {isa = PBXFileReference; lastKnownFileType = sourcecode.c.h; path = FADepartment.h; sourceTree = "<group>"; };
		3372BC792B8645B9006AAB03 /* FADepartment.m */ = {isa = PBXFileReference; lastKnownFileType = sourcecode.c.objc; path = FADepartment.m; sourceTree = "<group>"; };
		3372BC7B2B86483D006AAB03 /* HRDepartment.h */ = {isa = PBXFileReference; lastKnownFileType = sourcecode.c.h; path = HRDepartment.h; sourceTree = "<group>"; };
		3372BC7C2B86483D006AAB03 /* HRDepartment.m */ = {isa = PBXFileReference; lastKnownFileType = sourcecode.c.objc; path = HRDepartment.m; sourceTree = "<group>"; };
		3372BC7E2B864924006AAB03 /* EmployeeList.h */ = {isa = PBXFileReference; lastKnownFileType = sourcecode.c.h; path = EmployeeList.h; sourceTree = "<group>"; };
		3372BC7F2B864924006AAB03 /* EmployeeList.m */ = {isa = PBXFileReference; lastKnownFileType = sourcecode.c.objc; path = EmployeeList.m; sourceTree = "<group>"; };
/* End PBXFileReference section */

/* Begin PBXFrameworksBuildPhase section */
		3372BC5F2B864367006AAB03 /* Frameworks */ = {
			isa = PBXFrameworksBuildPhase;
			buildActionMask = 2147483647;
			files = (
			);
			runOnlyForDeploymentPostprocessing = 0;
		};
/* End PBXFrameworksBuildPhase section */

/* Begin PBXGroup section */
		3372BC592B864367006AAB03 = {
			isa = PBXGroup;
			children = (
				3372BC642B864367006AAB03 /* Visitor Pattern */,
				3372BC632B864367006AAB03 /* Products */,
			);
			sourceTree = "<group>";
		};
		3372BC632B864367006AAB03 /* Products */ = {
			isa = PBXGroup;
			children = (
				3372BC622B864367006AAB03 /* Visitor Pattern */,
			);
			name = Products;
			sourceTree = "<group>";
		};
		3372BC642B864367006AAB03 /* Visitor Pattern */ = {
			isa = PBXGroup;
			children = (
				3372BC652B864367006AAB03 /* main.m */,
				3372BC6C2B86444C006AAB03 /* Employee.h */,
				3372BC6D2B86444C006AAB03 /* Employee.m */,
				3372BC722B8644B7006AAB03 /* FulltimeEmployee.h */,
				3372BC732B8644B7006AAB03 /* FulltimeEmployee.m */,
				3372BC752B86457A006AAB03 /* ParttimeEmployee.h */,
				3372BC762B86457A006AAB03 /* ParttimeEmployee.m */,
				3372BC6F2B86447D006AAB03 /* Department.h */,
				3372BC702B86447D006AAB03 /* Department.m */,
				3372BC782B8645B9006AAB03 /* FADepartment.h */,
				3372BC792B8645B9006AAB03 /* FADepartment.m */,
				3372BC7B2B86483D006AAB03 /* HRDepartment.h */,
				3372BC7C2B86483D006AAB03 /* HRDepartment.m */,
				3372BC7E2B864924006AAB03 /* EmployeeList.h */,
				3372BC7F2B864924006AAB03 /* EmployeeList.m */,
			);
			path = "Visitor Pattern";
			sourceTree = "<group>";
		};
/* End PBXGroup section */

/* Begin PBXNativeTarget section */
		3372BC612B864367006AAB03 /* Visitor Pattern */ = {
			isa = PBXNativeTarget;
			buildConfigurationList = 3372BC692B864367006AAB03 /* Build configuration list for PBXNativeTarget "Visitor Pattern" */;
			buildPhases = (
				3372BC5E2B864367006AAB03 /* Sources */,
				3372BC5F2B864367006AAB03 /* Frameworks */,
				3372BC602B864367006AAB03 /* CopyFiles */,
			);
			buildRules = (
			);
			dependencies = (
			);
			name = "Visitor Pattern";
			productName = "Visitor Pattern";
			productReference = 3372BC622B864367006AAB03 /* Visitor Pattern */;
			productType = "com.apple.product-type.tool";
		};
/* End PBXNativeTarget section */

/* Begin PBXProject section */
		3372BC5A2B864367006AAB03 /* Project object */ = {
			isa = PBXProject;
			attributes = {
				BuildIndependentTargetsInParallel = 1;
				LastUpgradeCheck = 1520;
				TargetAttributes = {
					3372BC612B864367006AAB03 = {
						CreatedOnToolsVersion = 15.2;
					};
				};
			};
			buildConfigurationList = 3372BC5D2B864367006AAB03 /* Build configuration list for PBXProject "Visitor Pattern" */;
			compatibilityVersion = "Xcode 14.0";
			developmentRegion = en;
			hasScannedForEncodings = 0;
			knownRegions = (
				en,
				Base,
			);
			mainGroup = 3372BC592B864367006AAB03;
			productRefGroup = 3372BC632B864367006AAB03 /* Products */;
			projectDirPath = "";
			projectRoot = "";
			targets = (
				3372BC612B864367006AAB03 /* Visitor Pattern */,
			);
		};
/* End PBXProject section */

/* Begin PBXSourcesBuildPhase section */
		3372BC5E2B864367006AAB03 /* Sources */ = {
			isa = PBXSourcesBuildPhase;
			buildActionMask = 2147483647;
			files = (
				3372BC7A2B8645B9006AAB03 /* FADepartment.m in Sources */,
				3372BC7D2B86483D006AAB03 /* HRDepartment.m in Sources */,
				3372BC662B864367006AAB03 /* main.m in Sources */,
				3372BC772B86457A006AAB03 /* ParttimeEmployee.m in Sources */,
				3372BC6E2B86444C006AAB03 /* Employee.m in Sources */,
				3372BC802B864924006AAB03 /* EmployeeList.m in Sources */,
				3372BC712B86447D006AAB03 /* Department.m in Sources */,
				3372BC742B8644B7006AAB03 /* FulltimeEmployee.m in Sources */,
			);
			runOnlyForDeploymentPostprocessing = 0;
		};
/* End PBXSourcesBuildPhase section */

/* Begin XCBuildConfiguration section */
		3372BC672B864367006AAB03 /* Debug */ = {
			isa = XCBuildConfiguration;
			buildSettings = {
				ALWAYS_SEARCH_USER_PATHS = NO;
				ASSETCATALOG_COMPILER_GENERATE_SWIFT_ASSET_SYMBOL_EXTENSIONS = YES;
				CLANG_ANALYZER_NONNULL = YES;
				CLANG_ANALYZER_NUMBER_OBJECT_CONVERSION = YES_AGGRESSIVE;
				CLANG_CXX_LANGUAGE_STANDARD = "gnu++20";
				CLANG_ENABLE_MODULES = YES;
				CLANG_ENABLE_OBJC_ARC = YES;
				CLANG_ENABLE_OBJC_WEAK = YES;
				CLANG_WARN_BLOCK_CAPTURE_AUTORELEASING = YES;
				CLANG_WARN_BOOL_CONVERSION = YES;
				CLANG_WARN_COMMA = YES;
				CLANG_WARN_CONSTANT_CONVERSION = YES;
				CLANG_WARN_DEPRECATED_OBJC_IMPLEMENTATIONS = YES;
				CLANG_WARN_DIRECT_OBJC_ISA_USAGE = YES_ERROR;
				CLANG_WARN_DOCUMENTATION_COMMENTS = YES;
				CLANG_WARN_EMPTY_BODY = YES;
				CLANG_WARN_ENUM_CONVERSION = YES;
				CLANG_WARN_INFINITE_RECURSION = YES;
				CLANG_WARN_INT_CONVERSION = YES;
				CLANG_WARN_NON_LITERAL_NULL_CONVERSION = YES;
				CLANG_WARN_OBJC_IMPLICIT_RETAIN_SELF = YES;
				CLANG_WARN_OBJC_LITERAL_CONVERSION = YES;
				CLANG_WARN_OBJC_ROOT_CLASS = YES_ERROR;
				CLANG_WARN_QUOTED_INCLUDE_IN_FRAMEWORK_HEADER = YES;
				CLANG_WARN_RANGE_LOOP_ANALYSIS = YES;
				CLANG_WARN_STRICT_PROTOTYPES = YES;
				CLANG_WARN_SUSPICIOUS_MOVE = YES;
				CLANG_WARN_UNGUARDED_AVAILABILITY = YES_AGGRESSIVE;
				CLANG_WARN_UNREACHABLE_CODE = YES;
				CLANG_WARN__DUPLICATE_METHOD_MATCH = YES;
				COPY_PHASE_STRIP = NO;
				DEBUG_INFORMATION_FORMAT = dwarf;
				ENABLE_STRICT_OBJC_MSGSEND = YES;
				ENABLE_TESTABILITY = YES;
				ENABLE_USER_SCRIPT_SANDBOXING = YES;
				GCC_C_LANGUAGE_STANDARD = gnu17;
				GCC_DYNAMIC_NO_PIC = NO;
				GCC_NO_COMMON_BLOCKS = YES;
				GCC_OPTIMIZATION_LEVEL = 0;
				GCC_PREPROCESSOR_DEFINITIONS = (
					"DEBUG=1",
					"$(inherited)",
				);
				GCC_WARN_64_TO_32_BIT_CONVERSION = YES;
				GCC_WARN_ABOUT_RETURN_TYPE = YES_ERROR;
				GCC_WARN_UNDECLARED_SELECTOR = YES;
				GCC_WARN_UNINITIALIZED_AUTOS = YES_AGGRESSIVE;
				GCC_WARN_UNUSED_FUNCTION = YES;
				GCC_WARN_UNUSED_VARIABLE = YES;
				LOCALIZATION_PREFERS_STRING_CATALOGS = YES;
				MACOSX_DEPLOYMENT_TARGET = 14.2;
				MTL_ENABLE_DEBUG_INFO = INCLUDE_SOURCE;
				MTL_FAST_MATH = YES;
				ONLY_ACTIVE_ARCH = YES;
				SDKROOT = macosx;
			};
			name = Debug;
		};
		3372BC682B864367006AAB03 /* Release */ = {
			isa = XCBuildConfiguration;
			buildSettings = {
				ALWAYS_SEARCH_USER_PATHS = NO;
				ASSETCATALOG_COMPILER_GENERATE_SWIFT_ASSET_SYMBOL_EXTENSIONS = YES;
				CLANG_ANALYZER_NONNULL = YES;
				CLANG_ANALYZER_NUMBER_OBJECT_CONVERSION = YES_AGGRESSIVE;
				CLANG_CXX_LANGUAGE_STANDARD = "gnu++20";
				CLANG_ENABLE_MODULES = YES;
				CLANG_ENABLE_OBJC_ARC = YES;
				CLANG_ENABLE_OBJC_WEAK = YES;
				CLANG_WARN_BLOCK_CAPTURE_AUTORELEASING = YES;
				CLANG_WARN_BOOL_CONVERSION = YES;
				CLANG_WARN_COMMA = YES;
				CLANG_WARN_CONSTANT_CONVERSION = YES;
				CLANG_WARN_DEPRECATED_OBJC_IMPLEMENTATIONS = YES;
				CLANG_WARN_DIRECT_OBJC_ISA_USAGE = YES_ERROR;
				CLANG_WARN_DOCUMENTATION_COMMENTS = YES;
				CLANG_WARN_EMPTY_BODY = YES;
				CLANG_WARN_ENUM_CONVERSION = YES;
				CLANG_WARN_INFINITE_RECURSION = YES;
				CLANG_WARN_INT_CONVERSION = YES;
				CLANG_WARN_NON_LITERAL_NULL_CONVERSION = YES;
				CLANG_WARN_OBJC_IMPLICIT_RETAIN_SELF = YES;
				CLANG_WARN_OBJC_LITERAL_CONVERSION = YES;
				CLANG_WARN_OBJC_ROOT_CLASS = YES_ERROR;
				CLANG_WARN_QUOTED_INCLUDE_IN_FRAMEWORK_HEADER = YES;
				CLANG_WARN_RANGE_LOOP_ANALYSIS = YES;
				CLANG_WARN_STRICT_PROTOTYPES = YES;
				CLANG_WARN_SUSPICIOUS_MOVE = YES;
				CLANG_WARN_UNGUARDED_AVAILABILITY = YES_AGGRESSIVE;
				CLANG_WARN_UNREACHABLE_CODE = YES;
				CLANG_WARN__DUPLICATE_METHOD_MATCH = YES;
				COPY_PHASE_STRIP = NO;
				DEBUG_INFORMATION_FORMAT = "dwarf-with-dsym";
				ENABLE_NS_ASSERTIONS = NO;
				ENABLE_STRICT_OBJC_MSGSEND = YES;
				ENABLE_USER_SCRIPT_SANDBOXING = YES;
				GCC_C_LANGUAGE_STANDARD = gnu17;
				GCC_NO_COMMON_BLOCKS = YES;
				GCC_WARN_64_TO_32_BIT_CONVERSION = YES;
				GCC_WARN_ABOUT_RETURN_TYPE = YES_ERROR;
				GCC_WARN_UNDECLARED_SELECTOR = YES;
				GCC_WARN_UNINITIALIZED_AUTOS = YES_AGGRESSIVE;
				GCC_WARN_UNUSED_FUNCTION = YES;
				GCC_WARN_UNUSED_VARIABLE = YES;
				LOCALIZATION_PREFERS_STRING_CATALOGS = YES;
				MACOSX_DEPLOYMENT_TARGET = 14.2;
				MTL_ENABLE_DEBUG_INFO = NO;
				MTL_FAST_MATH = YES;
				SDKROOT = macosx;
			};
			name = Release;
		};
		3372BC6A2B864367006AAB03 /* Debug */ = {
			isa = XCBuildConfiguration;
			buildSettings = {
				CODE_SIGN_STYLE = Automatic;
				DEVELOPMENT_TEAM = 2LM2HK4U8X;
				ENABLE_HARDENED_RUNTIME = YES;
				PRODUCT_NAME = "$(TARGET_NAME)";
			};
			name = Debug;
		};
		3372BC6B2B864367006AAB03 /* Release */ = {
			isa = XCBuildConfiguration;
			buildSettings = {
				CODE_SIGN_STYLE = Automatic;
				DEVELOPMENT_TEAM = 2LM2HK4U8X;
				ENABLE_HARDENED_RUNTIME = YES;
				PRODUCT_NAME = "$(TARGET_NAME)";
			};
			name = Release;
		};
/* End XCBuildConfiguration section */

/* Begin XCConfigurationList section */
		3372BC5D2B864367006AAB03 /* Build configuration list for PBXProject "Visitor Pattern" */ = {
			isa = XCConfigurationList;
			buildConfigurations = (
				3372BC672B864367006AAB03 /* Debug */,
				3372BC682B864367006AAB03 /* Release */,
			);
			defaultConfigurationIsVisible = 0;
			defaultConfigurationName = Release;
		};
		3372BC692B864367006AAB03 /* Build configuration list for PBXNativeTarget "Visitor Pattern" */ = {
			isa = XCConfigurationList;
			buildConfigurations = (
				3372BC6A2B864367006AAB03 /* Debug */,
				3372BC6B2B864367006AAB03 /* Release */,
			);
			defaultConfigurationIsVisible = 0;
			defaultConfigurationName = Release;
		};
/* End XCConfigurationList section */
	};
	rootObject = 3372BC5A2B864367006AAB03 /* Project object */;
}
